{
  "name": "libelula-bakery-kitchen",
  "version": "1.0.0",
  "lockfileVersion": 3,
  "requires": true,
  "packages": {
    "": {
      "name": "libelula-bakery-kitchen",
      "version": "1.0.0",
      "dependencies": {
        "react": "19.2.6",
        "react-dom": "19.2.6"
      },
      "devDependencies": {
        "vite": "8.0.13"
      }
    },
    "../../../../sites/montclair-barbershop-studio/node_modules/.pnpm/@base-ui+react@1.7.0_@date-fns+tz@1.5.0_@types+react@19.2.14_date-fns@4.1.0_react-dom@19.2.6_react@19.2.6__react@19.2.6/node_modules/@base-ui/react": {
      "version": "1.7.0",
      "extraneous": true,
      "license": "MIT",
      "dependencies": {
        "@babel/runtime": "^7.29.2",
        "@base-ui/utils": "0.3.2",
        "@floating-ui/react-dom": "^2.1.9",
        "@floating-ui/utils": "^0.2.12",
        "use-sync-external-store": "^1.6.0"
      },
      "engines": {
        "node": ">=14.0.0"
      },
      "funding": {
        "type": "opencollective",
        "url": "https://opencollective.com/mui-org"
      },
      "peerDependencies": {
        "@date-fns/tz": "^1.2.0",
        "@types/react": "^17 || ^18 || ^19",
        "date-fns": "^4.0.0",
        "react": "^17 || ^18 || ^19",
        "react-dom": "^17 || ^18 || ^19"
      },
      "peerDependenciesMeta": {
        "@date-fns/tz": {
          "optional": true
        },
        "@types/react": {
          "optional": true
        },
        "date-fns": {
          "optional": true
        }
      }
    },
    "../../../../sites/montclair-barbershop-studio/node_modules/.pnpm/@cloudflare+vite-plugin@1.37.1_vite@8.0.13_@types+node@22.19.19_esbuild@0.27.3_jiti@2.7_dead19e166c83a79397ead703dc6a861/node_modules/@cloudflare/vite-plugin": {
      "version": "1.37.1",
      "extraneous": true,
      "license": "MIT",
      "dependencies": {
        "@cloudflare/unenv-preset": "2.16.1",
        "miniflare": "4.20260515.0",
        "unenv": "2.0.0-rc.24",
        "wrangler": "4.92.0",
        "ws": "8.18.0"
      },
      "devDependencies": {
        "@cloudflare/containers-shared": "0.14.1",
        "@cloudflare/mock-npm-registry": "0.0.0",
        "@cloudflare/workers-shared": "0.19.6",
        "@cloudflare/workers-tsconfig": "0.0.0",
        "@cloudflare/workers-types": "^4.20260515.1",
        "@cloudflare/workers-utils": "0.21.0",
        "@remix-run/node-fetch-server": "^0.8.0",
        "@types/node": "^22.10.1",
        "@types/semver": "^7.5.1",
        "@types/ws": "^8.5.13",
        "defu": "^6.1.4",
        "get-port": "^7.1.0",
        "magic-string": "^0.30.12",
        "mlly": "^1.7.4",
        "open": "^11.0.0",
        "picocolors": "^1.1.1",
        "semver": "^7.7.1",
        "tinyglobby": "^0.2.12",
        "tree-kill": "^1.2.2",
        "tsdown": "0.16.3",
        "typescript": "~5.8.3",
        "vite": "^8.0.12",
        "vite-legacy": "npm:vite@7.1.12",
        "vitest": "4.1.0"
      },
      "peerDependencies": {
        "vite": "^6.1.0 || ^7.0.0 || ^8.0.0",
        "wrangler": "^4.92.0"
      }
    },
    "../../../../sites/montclair-barbershop-studio/node_modules/.pnpm/@cloudflare+workers-types@4.20260515.1/node_modules/@cloudflare/workers-types": {
      "version": "4.20260515.1",
      "extraneous": true,
      "license": "MIT OR Apache-2.0"
    },
    "../../../../sites/montclair-barbershop-studio/node_modules/.pnpm/@openai+sites-vite-plugin@0.2.0_vite@8.0.13_@types+node@22.19.19_esbuild@0.27.3_jiti@2.7.0_terser@5.51.2_/node_modules/@openai/sites-vite-plugin": {
      "version": "0.2.0",
      "extraneous": true,
      "license": "MIT",
      "devDependencies": {
        "vite": "8.0.14"
      },
      "engines": {
        "node": ">=22.13.0"
      },
      "peerDependencies": {
        "vite": "^8.0.0"
      }
    },
    "../../../../sites/montclair-barbershop-studio/node_modules/.pnpm/@shadcn+react@0.3.0_@types+react@19.2.14_react@19.2.6/node_modules/@shadcn/react": {
      "version": "0.3.0",
      "extraneous": true,
      "license": "MIT",
      "devDependencies": {
        "@types/react-dom": "19.2.2",
        "@vitest/browser": "^3.2.6",
        "jsdom": "^28.1.0",
        "playwright": "^1.61.0",
        "react": "19.2.3",
        "react-dom": "19.2.3",
        "rimraf": "^6.0.1",
        "tsup": "^8.5.0",
        "typescript": "^5.9.2",
        "vite-tsconfig-paths": "^4.3.2",
        "vitest": "^3.2.6"
      },
      "peerDependencies": {
        "@types/react": ">=19",
        "react": ">=19"
      },
      "peerDependenciesMeta": {
        "@types/react": {
          "optional": true
        },
        "react": {
          "optional": true
        }
      }
    },
    "../../../../sites/montclair-barbershop-studio/node_modules/.pnpm/@tailwindcss+postcss@4.2.1/node_modules/@tailwindcss/postcss": {
      "version": "4.2.1",
      "extraneous": true,
      "license": "MIT",
      "dependencies": {
        "@alloc/quick-lru": "^5.2.0",
        "@tailwindcss/node": "4.2.1",
        "@tailwindcss/oxide": "4.2.1",
        "postcss": "^8.5.6",
        "tailwindcss": "4.2.1"
      },
      "devDependencies": {
        "@types/node": "^20.19.0",
        "@types/postcss-import": "14.0.3",
        "dedent": "1.7.1",
        "internal-example-plugin": "0.0.0",
        "postcss-import": "^16.1.1"
      }
    },
    "../../../../sites/montclair-barbershop-studio/node_modules/.pnpm/@types+node@22.19.19/node_modules/@types/node": {
      "version": "22.19.19",
      "extraneous": true,
      "license": "MIT",
      "dependencies": {
        "undici-types": "~6.21.0"
      }
    },
    "../../../../sites/montclair-barbershop-studio/node_modules/.pnpm/@types+react-dom@19.2.3_@types+react@19.2.14/node_modules/@types/react-dom": {
      "version": "19.2.3",
      "extraneous": true,
      "license": "MIT",
      "peerDependencies": {
        "@types/react": "^19.2.0"
      }
    },
    "../../../../sites/montclair-barbershop-studio/node_modules/.pnpm/@types+react@19.2.14/node_modules/@types/react": {
      "version": "19.2.14",
      "extraneous": true,
      "license": "MIT",
      "dependencies": {
        "csstype": "^3.2.2"
      }
    },
    "../../../../sites/montclair-barbershop-studio/node_modules/.pnpm/@vitejs+plugin-react@6.0.2_vite@8.0.13_@types+node@22.19.19_esbuild@0.27.3_jiti@2.7.0_terser@5.51.2_/node_modules/@vitejs/plugin-react": {
      "version": "6.0.2",
      "extraneous": true,
      "license": "MIT",
      "dependencies": {
        "@rolldown/pluginutils": "^1.0.0"
      },
      "devDependencies": {
        "@babel/core": "8.0.0-rc.4",
        "@rolldown/plugin-babel": "^0.2.3",
        "@vitejs/react-common": "workspace:*",
        "babel-plugin-react-compiler": "^1.0.0",
        "react": "^19.2.6",
        "react-dom": "^19.2.6",
        "rolldown": "^1.0.0",
        "tsdown": "^0.22.0",
        "vite": "^8.0.11"
      },
      "engines": {
        "node": "^20.19.0 || >=22.12.0"
      },
      "peerDependencies": {
        "@rolldown/plugin-babel": "^0.1.7 || ^0.2.0",
        "babel-plugin-react-compiler": "^1.0.0",
        "vite": "^8.0.0"
      },
      "peerDependenciesMeta": {
        "@rolldown/plugin-babel": {
          "optional": true
        },
        "babel-plugin-react-compiler": {
          "optional": true
        }
      }
    },
    "../../../../sites/montclair-barbershop-studio/node_modules/.pnpm/@vitejs+plugin-rsc@0.5.26_react-dom@19.2.6_react@19.2.6__react-server-dom-webpack@19.2._d7be5b5d64a64a218ac22ba955ebe0d2/node_modules/@vitejs/plugin-rsc": {
      "version": "0.5.26",
      "extraneous": true,
      "license": "MIT",
      "dependencies": {
        "@rolldown/pluginutils": "1.0.0-rc.18",
        "es-module-lexer": "^2.1.0",
        "estree-walker": "^3.0.3",
        "magic-string": "^0.30.21",
        "srvx": "^0.11.15",
        "strip-literal": "^3.1.0",
        "turbo-stream": "^3.2.0",
        "vitefu": "^1.1.3"
      },
      "devDependencies": {
        "@hiogawa/utils": "^1.7.0",
        "@playwright/test": "^1.59.1",
        "@tsconfig/strictest": "^2.0.8",
        "@types/estree": "^1.0.8",
        "@types/node": "^24.12.2",
        "@types/react": "^19.2.14",
        "@types/react-dom": "^19.2.3",
        "@vitejs/plugin-react": "workspace:*",
        "@vitejs/test-dep-cjs-and-esm": "./test-dep/cjs-and-esm",
        "@vitejs/test-dep-cjs-falsy-primitive": "./test-dep/cjs-falsy-primitive",
        "picocolors": "^1.1.1",
        "react": "^19.2.6",
        "react-dom": "^19.2.6",
        "react-server-dom-webpack": "^19.2.6",
        "tinyexec": "^1.1.2",
        "tsdown": "^0.21.10"
      },
      "peerDependencies": {
        "react": "*",
        "react-dom": "*",
        "react-server-dom-webpack": "*",
        "vite": "*"
      },
      "peerDependenciesMeta": {
        "react-server-dom-webpack": {
          "optional": true
        }
      }
    },
    "../../../../sites/montclair-barbershop-studio/node_modules/.pnpm/class-variance-authority@0.7.1/node_modules/class-variance-authority": {
      "version": "0.7.1",
      "extraneous": true,
      "license": "Apache-2.0",
      "dependencies": {
        "clsx": "^2.1.1"
      },
      "devDependencies": {
        "@swc/cli": "0.3.12",
        "@swc/core": "1.4.16",
        "@types/node": "20.12.7",
        "@types/react": "18.2.79",
        "@types/react-dom": "18.2.25",
        "bundlesize": "0.18.2",
        "npm-run-all": "4.1.5",
        "react": "18.2.0",
        "react-dom": "18.2.0",
        "ts-node": "10.9.2",
        "typescript": "5.4.5"
      },
      "funding": {
        "url": "https://polar.sh/cva"
      }
    },
    "../../../../sites/montclair-barbershop-studio/node_modules/.pnpm/clsx@2.1.1/node_modules/clsx": {
      "version": "2.1.1",
      "extraneous": true,
      "license": "MIT",
      "devDependencies": {
        "esm": "3.2.25",
        "terser": "4.8.0",
        "uvu": "0.5.4"
      },
      "engines": {
        "node": ">=6"
      }
    },
    "../../../../sites/montclair-barbershop-studio/node_modules/.pnpm/cmdk@1.1.1_@types+react-dom@19.2.3_@types+react@19.2.14__@types+react@19.2.14_react-dom_66be394aff8225a06cf994aefac200c6/node_modules/cmdk": {
      "version": "1.1.1",
      "extraneous": true,
      "license": "MIT",
      "dependencies": {
        "@radix-ui/react-compose-refs": "^1.1.1",
        "@radix-ui/react-dialog": "^1.1.6",
        "@radix-ui/react-id": "^1.1.0",
        "@radix-ui/react-primitive": "^2.0.2"
      },
      "devDependencies": {
        "@types/react": "18.0.15"
      },
      "peerDependencies": {
        "react": "^18 || ^19 || ^19.0.0-rc",
        "react-dom": "^18 || ^19 || ^19.0.0-rc"
      }
    },
    "../../../../sites/montclair-barbershop-studio/node_modules/.pnpm/date-fns@4.1.0/node_modules/date-fns": {
      "version": "4.1.0",
      "extraneous": true,
      "license": "MIT",
      "devDependencies": {
        "@arethetypeswrong/cli": "^0.16.2",
        "@babel/cli": "^7.22.10",
        "@babel/core": "^7.22.10",
        "@babel/preset-env": "^7.22.10",
        "@babel/preset-typescript": "^7.22.5",
        "@date-fns/docs": "^0.38.0",
        "@date-fns/tz": "^1.0.2",
        "@date-fns/utc": "^1.2.0",
        "@octokit/core": "^3.2.5",
        "@size-limit/esbuild": "^11.0.1",
        "@size-limit/file": "^11.0.1",
        "@types/bun": "^1.1.9",
        "@types/lodash": "^4.14.202",
        "@types/node": "^20.14.2",
        "@types/sinon": "^9.0.6",
        "@typescript-eslint/eslint-plugin": "^8.5.0",
        "@typescript-eslint/parser": "^8.5.0",
        "@vitest/browser": "^1.3.1",
        "@vitest/coverage-v8": "^1.3.1",
        "babel-plugin-replace-import-extension": "^1.1.4",
        "bun": "^1.1.27",
        "cloc": "^2.2.0",
        "coveralls": "^3.1.1",
        "eslint": "^9.10.0",
        "firebase": "^3.7.1",
        "fp-ts": "^2.16.2",
        "js-fns": "^2.5.1",
        "jscodeshift": "^0.15.2",
        "lodash": "^4.17.21",
        "playwright": "^1.40.1",
        "prettier": "^3.1.0",
        "simple-git": "^2.35.2",
        "sinon": "^7.4.1",
        "size-limit": "^11.0.1",
        "tsx": "^4.6.1",
        "typedoc": "^0.26.7",
        "typedoc-plugin-missing-exports": "^3.0.0",
        "typescript": "^5.4.5",
        "vitest": "^1.3.1"
      },
      "funding": {
        "type": "github",
        "url": "https://github.com/sponsors/kossnocorp"
      }
    },
    "../../../../sites/montclair-barbershop-studio/node_modules/.pnpm/embla-carousel-react@8.5.2_react@19.2.6/node_modules/embla-carousel-react": {
      "version": "8.5.2",
      "extraneous": true,
      "license": "MIT",
      "dependencies": {
        "embla-carousel": "8.5.2",
        "embla-carousel-reactive-utils": "8.5.2"
      },
      "devDependencies": {
        "@types/jest": "^29.5.6",
        "@types/react": "^18.0.8",
        "@typescript-eslint/eslint-plugin": "^6.9.0",
        "@typescript-eslint/parser": "^6.9.0",
        "eslint": "^8.52.0",
        "eslint-config-prettier": "^9.0.0",
        "eslint-plugin-prettier": "^4.0.0",
        "jest": "^29.5.0",
        "jest-environment-jsdom": "^29.5.0",
        "prettier": "2.8.8",
        "rollup": "^4.22.4",
        "ts-jest": "^29.1.1",
        "typescript": "^5.2.2"
      },
      "peerDependencies": {
        "react": "^16.8.0 || ^17.0.1 || ^18.0.0 || ^19.0.0 || ^19.0.0-rc"
      }
    },
    "../../../../sites/montclair-barbershop-studio/node_modules/.pnpm/input-otp@1.4.2_react-dom@19.2.6_react@19.2.6__react@19.2.6/node_modules/input-otp": {
      "version": "1.4.2",
      "extraneous": true,
      "license": "MIT",
      "devDependencies": {
        "@types/react": "^18.2.55",
        "@types/react-dom": "^18.2.19",
        "react": "^18.2.0",
        "react-dom": "^18.2.0",
        "typescript": "^5.3.3"
      },
      "peerDependencies": {
        "react": "^16.8 || ^17.0 || ^18.0 || ^19.0.0 || ^19.0.0-rc",
        "react-dom": "^16.8 || ^17.0 || ^18.0 || ^19.0.0 || ^19.0.0-rc"
      }
    },
    "../../../../sites/montclair-barbershop-studio/node_modules/.pnpm/lucide-react@1.31.0_react@19.2.6/node_modules/lucide-react": {
      "version": "1.31.0",
      "extraneous": true,
      "license": "ISC",
      "devDependencies": {
        "@lucide/build-icons": "1.1.0",
        "@lucide/rollup-plugins": "1.0.0",
        "@lucide/shared": "1.0.0",
        "@testing-library/jest-dom": "^6.9.1",
        "@testing-library/react": "^14.3.1",
        "@types/react": "^18.3.31",
        "@vitejs/plugin-react": "^4.7.0",
        "jest-serializer-html": "^7.1.0",
        "react": "18.2.0",
        "react-dom": "18.2.0",
        "rollup": "^4.62.2",
        "rollup-plugin-dts": "^6.4.1",
        "rollup-plugin-preserve-directives": "^0.4.0",
        "typescript": "^5.9.3",
        "vite": "^7.3.6"
      },
      "peerDependencies": {
        "react": "^16.5.1 || ^17.0.0 || ^18.0.0 || ^19.0.0"
      }
    },
    "../../../../sites/montclair-barbershop-studio/node_modules/.pnpm/oxfmt@0.61.0/node_modules/oxfmt": {
      "version": "0.61.0",
      "extraneous": true,
      "license": "MIT",
      "dependencies": {
        "tinypool": "2.1.0"
      },
      "bin": {
        "oxfmt": "bin/oxfmt"
      },
      "engines": {
        "node": "^20.19.0 || >=22.12.0"
      },
      "funding": {
        "url": "https://github.com/sponsors/Boshen"
      },
      "optionalDependencies": {
        "@oxfmt/binding-android-arm-eabi": "0.61.0",
        "@oxfmt/binding-android-arm64": "0.61.0",
        "@oxfmt/binding-darwin-arm64": "0.61.0",
        "@oxfmt/binding-darwin-x64": "0.61.0",
        "@oxfmt/binding-freebsd-x64": "0.61.0",
        "@oxfmt/binding-linux-arm-gnueabihf": "0.61.0",
        "@oxfmt/binding-linux-arm-musleabihf": "0.61.0",
        "@oxfmt/binding-linux-arm64-gnu": "0.61.0",
        "@oxfmt/binding-linux-arm64-musl": "0.61.0",
        "@oxfmt/binding-linux-ppc64-gnu": "0.61.0",
        "@oxfmt/binding-linux-riscv64-gnu": "0.61.0",
        "@oxfmt/binding-linux-riscv64-musl": "0.61.0",
        "@oxfmt/binding-linux-s390x-gnu": "0.61.0",
        "@oxfmt/binding-linux-x64-gnu": "0.61.0",
        "@oxfmt/binding-linux-x64-musl": "0.61.0",
        "@oxfmt/binding-openharmony-arm64": "0.61.0",
        "@oxfmt/binding-win32-arm64-msvc": "0.61.0",
        "@oxfmt/binding-win32-ia32-msvc": "0.61.0",
        "@oxfmt/binding-win32-x64-msvc": "0.61.0"
      },
      "peerDependencies": {
        "svelte": "^5.0.0",
        "vite-plus": "*"
      },
      "peerDependenciesMeta": {
        "svelte": {
          "optional": true
        },
        "vite-plus": {
          "optional": true
        }
      }
    },
    "../../../../sites/montclair-barbershop-studio/node_modules/.pnpm/oxlint-tsgolint@7.0.2001/node_modules/oxlint-tsgolint": {
      "version": "7.0.2001",
      "extraneous": true,
      "license": "MIT",
      "bin": {
        "tsgolint": "bin/tsgolint.js"
      },
      "optionalDependencies": {
        "@oxlint-tsgolint/darwin-arm64": "7.0.2001",
        "@oxlint-tsgolint/darwin-x64": "7.0.2001",
        "@oxlint-tsgolint/linux-arm64": "7.0.2001",
        "@oxlint-tsgolint/linux-x64": "7.0.2001",
        "@oxlint-tsgolint/win32-arm64": "7.0.2001",
        "@oxlint-tsgolint/win32-x64": "7.0.2001"
      }
    },
    "../../../../sites/montclair-barbershop-studio/node_modules/.pnpm/oxlint@1.76.0_oxlint-tsgolint@7.0.2001/node_modules/oxlint": {
      "version": "1.76.0",
      "extraneous": true,
      "license": "MIT",
      "bin": {
        "oxlint": "bin/oxlint"
      },
      "engines": {
        "node": "^20.19.0 || >=22.12.0"
      },
      "funding": {
        "url": "https://github.com/sponsors/Boshen"
      },
      "optionalDependencies": {
        "@oxlint/binding-android-arm-eabi": "1.76.0",
        "@oxlint/binding-android-arm64": "1.76.0",
        "@oxlint/binding-darwin-arm64": "1.76.0",
        "@oxlint/binding-darwin-x64": "1.76.0",
        "@oxlint/binding-freebsd-x64": "1.76.0",
        "@oxlint/binding-linux-arm-gnueabihf": "1.76.0",
        "@oxlint/binding-linux-arm-musleabihf": "1.76.0",
        "@oxlint/binding-linux-arm64-gnu": "1.76.0",
        "@oxlint/binding-linux-arm64-musl": "1.76.0",
        "@oxlint/binding-linux-ppc64-gnu": "1.76.0",
        "@oxlint/binding-linux-riscv64-gnu": "1.76.0",
        "@oxlint/binding-linux-riscv64-musl": "1.76.0",
        "@oxlint/binding-linux-s390x-gnu": "1.76.0",
        "@oxlint/binding-linux-x64-gnu": "1.76.0",
        "@oxlint/binding-linux-x64-musl": "1.76.0",
        "@oxlint/binding-openharmony-arm64": "1.76.0",
        "@oxlint/binding-win32-arm64-msvc": "1.76.0",
        "@oxlint/binding-win32-ia32-msvc": "1.76.0",
        "@oxlint/binding-win32-x64-msvc": "1.76.0"
      },
      "peerDependencies": {
        "oxlint-tsgolint": ">=7.0.2001",
        "vite-plus": "*"
      },
      "peerDependenciesMeta": {
        "oxlint-tsgolint": {
          "optional": true
        },
        "vite-plus": {
          "optional": true
        }
      }
    },
    "../../../../sites/montclair-barbershop-studio/node_modules/.pnpm/react-day-picker@9.8.1_react@19.2.6/node_modules/react-day-picker": {
      "version": "9.8.1",
      "extraneous": true,
      "license": "MIT",
      "dependencies": {
        "@date-fns/tz": "^1.2.0",
        "date-fns": "^4.1.0",
        "date-fns-jalali": "^4.1.0-0"
      },
      "devDependencies": {
        "@jest/types": "^30.0.5",
        "@radix-ui/react-select": "^2.1.7",
        "@swc/core": "^1.11.8",
        "@swc/jest": "^0.2.37",
        "@testing-library/dom": "^10.4.0",
        "@testing-library/jest-dom": "^6.6.3",
        "@testing-library/react": "^16.3.0",
        "@testing-library/user-event": "^14.6.1",
        "@trivago/prettier-plugin-sort-imports": "^5.2.2",
        "@types/jest": "^30.0.0",
        "@types/node": "^24.1.0",
        "@types/react": "^19.1.1",
        "@types/react-dom": "^19.1.2",
        "@typescript-eslint/eslint-plugin": "^8.29.1",
        "@typescript-eslint/parser": "^8.29.1",
        "eslint": "^8.57.1",
        "eslint-config-prettier": "^10.1.8",
        "eslint-import-resolver-typescript": "^4.4.4",
        "eslint-plugin-import": "^2.32.0",
        "eslint-plugin-jest": "^29.0.1",
        "eslint-plugin-prettier": "^5.2.6",
        "eslint-plugin-react": "^7.37.5",
        "eslint-plugin-react-hooks": "^5.2.0",
        "eslint-plugin-require-extensions": "^0.1.3",
        "eslint-plugin-testing-library": "^7.1.1",
        "html-validate": "^9.5.2",
        "jest": "^30.0.5",
        "jest-environment-jsdom": "^30.0.5",
        "jest-transform-css": "^6.0.2",
        "mockdate": "^3.0.5",
        "prettier": "^3.5.3",
        "prettier-plugin-jsdoc": "^1.3.2",
        "react": "^19.1.0",
        "react-dom": "^19.1.0",
        "ts-node": "^10.9.2",
        "tslib": "^2.8.1",
        "typescript": "~5.8.3",
        "typescript-css-modules": "^1.0.4"
      },
      "engines": {
        "node": ">=18"
      },
      "funding": {
        "type": "individual",
        "url": "https://github.com/sponsors/gpbl"
      },
      "peerDependencies": {
        "react": ">=16.8.0"
      }
    },
    "../../../../sites/montclair-barbershop-studio/node_modules/.pnpm/react-dom@19.2.6_react@19.2.6/node_modules/react-dom": {
      "version": "19.2.6",
      "license": "MIT",
      "dependencies": {
        "scheduler": "^0.27.0"
      },
      "peerDependencies": {
        "react": "^19.2.6"
      }
    },
    "../../../../sites/montclair-barbershop-studio/node_modules/.pnpm/react-resizable-panels@4.5.8_react-dom@19.2.6_react@19.2.6__react@19.2.6/node_modules/react-resizable-panels": {
      "version": "4.5.8",
      "extraneous": true,
      "license": "MIT",
      "devDependencies": {
        "@csstools/postcss-oklab-function": "^4.0.11",
        "@eslint/js": "^9.30.1",
        "@headlessui/react": "^2.2.4",
        "@headlessui/tailwindcss": "^0.2.2",
        "@heroicons/react": "^2.2.0",
        "@tailwindcss/vite": "^4.1.11",
        "@tailwindplus/elements": "^1.0.5",
        "@testing-library/jest-dom": "^6.6.4",
        "@testing-library/react": "^16.3.0",
        "@testing-library/user-event": "^14.6.1",
        "@types/bytes": "^3.1.5",
        "@types/compression": "^1.8.1",
        "@types/express": "^5.0.5",
        "@types/markdown-it": "^14.1.2",
        "@types/node": "^24.2.0",
        "@types/react": "^19.1.8",
        "@types/react-dom": "^19.2.3",
        "@vitejs/plugin-react-swc": "^3.10.2",
        "bytes": "^3.1.2",
        "clsx": "^2.1.1",
        "compression": "^1.8.1",
        "concurrently": "^9.2.1",
        "cross-env": "^10.1.0",
        "csstype": "^3.1.3",
        "eslint": "^9.30.1",
        "eslint-plugin-react-hooks": "^5.2.0",
        "eslint-plugin-react-refresh": "^0.4.20",
        "eslint-plugin-sonarjs": "^3.0.6",
        "express": "^5.1.0",
        "globals": "^16.3.0",
        "husky": "^9.1.7",
        "jsdom": "^26.1.0",
        "lint-staged": "^16.1.4",
        "markdown-it": "^14.1.0",
        "marked": "^16.4.1",
        "postcss": "^8.5.6",
        "prettier": "3.6.2",
        "prettier-plugin-tailwindcss": "^0.7.1",
        "react": "^19.2.3",
        "react-docgen-typescript": "^2.4.0",
        "react-dom": "^19.2.3",
        "react-error-boundary": "^6.0.0",
        "react-lib-tools": "^0.0.31",
        "react-router-dom": "^7.6.3",
        "rimraf": "^6.1.2",
        "rollup-plugin-terser": "^7.0.2",
        "rollup-plugin-visualizer": "^6.0.3",
        "rollup-preserve-directives": "^1.1.3",
        "sharp": "^0.34.5",
        "sirv": "^3.0.2",
        "tailwind-merge": "^3.3.1",
        "tailwindcss": "^4.1.11",
        "terser": "^5.43.1",
        "ts-blank-space": "^0.6.2",
        "ts-node": "^10.9.2",
        "tsx": "^4.21.0",
        "typescript": "~5.8.3",
        "typescript-eslint": "^8.35.1",
        "typescript-json-schema": "^0.65.1",
        "vite": "^7.0.4",
        "vite-plugin-dts": "^4.5.4",
        "vite-plugin-svgr": "^4.3.0",
        "vitest": "^3.2.4",
        "vitest-fail-on-console": "^0.10.1",
        "zustand": "^5.0.7"
      },
      "peerDependencies": {
        "react": "^18.0.0 || ^19.0.0",
        "react-dom": "^18.0.0 || ^19.0.0"
      }
    },
    "../../../../sites/montclair-barbershop-studio/node_modules/.pnpm/react-server-dom-webpack@19.2.6_react-dom@19.2.6_react@19.2.6__react@19.2.6_webpack@5.1_30d794e78d18a882de9dd6dc6e476909/node_modules/react-server-dom-webpack": {
      "version": "19.2.6",
      "extraneous": true,
      "license": "MIT",
      "dependencies": {
        "acorn-loose": "^8.3.0",
        "neo-async": "^2.6.1",
        "webpack-sources": "^3.2.0"
      },
      "engines": {
        "node": ">=0.10.0"
      },
      "peerDependencies": {
        "react": "^19.2.6",
        "react-dom": "^19.2.6",
        "webpack": "^5.59.0"
      }
    },
    "../../../../sites/montclair-barbershop-studio/node_modules/.pnpm/react@19.2.6/node_modules/react": {
      "version": "19.2.6",
      "license": "MIT",
      "engines": {
        "node": ">=0.10.0"
      }
    },
    "../../../../sites/montclair-barbershop-studio/node_modules/.pnpm/recharts@3.8.0_@types+react@19.2.14_react-dom@19.2.6_react@19.2.6__react-is@19.2.8_react@19.2.6_redux@5.0.1/node_modules/recharts": {
      "version": "3.8.0",
      "extraneous": true,
      "license": "MIT",
      "workspaces": [
        "www"
      ],
      "dependencies": {
        "@reduxjs/toolkit": "^1.9.0 || 2.x.x",
        "clsx": "^2.1.1",
        "decimal.js-light": "^2.5.1",
        "es-toolkit": "^1.39.3",
        "eventemitter3": "^5.0.1",
        "immer": "^10.1.1",
        "react-redux": "8.x.x || 9.x.x",
        "reselect": "5.1.1",
        "tiny-invariant": "^1.3.3",
        "use-sync-external-store": "^1.2.2",
        "victory-vendor": "^37.0.2"
      },
      "devDependencies": {
        "@babel/cli": "^7.24.8",
        "@babel/core": "^7.24.9",
        "@babel/preset-env": "^7.29.0",
        "@babel/preset-react": "^7.28.5",
        "@babel/preset-typescript": "^7.28.5",
        "@babel/runtime": "^7.26.10",
        "@chromatic-com/storybook": "^4.0.1",
        "@codecov/bundle-analyzer": "^1.9.1",
        "@eslint-community/eslint-plugin-eslint-comments": "^4.5.0",
        "@eslint/compat": "^1.3.2",
        "@eslint/js": "^9.35.0",
        "@playwright/experimental-ct-react": "1.58.2",
        "@recharts/devtools": "^0.0.8",
        "@reduxjs/toolkit": "^1.9.7",
        "@rollup/plugin-babel": "^6.1.0",
        "@rollup/plugin-node-resolve": "^16.0.3",
        "@stackblitz/sdk": "^1.11.0",
        "@storybook/addon-a11y": "^9.0.17",
        "@storybook/addon-docs": "^9.0.17",
        "@storybook/addon-links": "^9.0.17",
        "@storybook/addon-onboarding": "^9.0.17",
        "@storybook/addon-vitest": "^9.0.17",
        "@storybook/builder-vite": "^9.0.17",
        "@storybook/icons": "^1.2.12",
        "@storybook/react-vite": "^9.0.17",
        "@stryker-mutator/typescript-checker": "^9.2.0",
        "@stryker-mutator/vitest-runner": "^9.2.0",
        "@testing-library/jest-dom": "^6.4.8",
        "@testing-library/react": "^16.0.0",
        "@testing-library/user-event": "^14.5.2",
        "@types/d3-interpolate": "^3.0.4",
        "@types/d3-shape": "^3.1.6",
        "@types/d3-time-format": "^4.0.3",
        "@types/node": "24.x.x",
        "@types/react": "^18.3.3",
        "@types/react-dom": "^18.3.0",
        "@types/react-is": "^18.3.0",
        "@vitejs/plugin-react": "^4.3.1",
        "@vitest/browser": "3.2.4",
        "@vitest/coverage-v8": "^3.2.3",
        "babel-loader": "^9.1.3",
        "babel-plugin-dev-expression": "^0.2.3",
        "babel-plugin-transform-define": "^2.1.4",
        "browserslist": "^4.23.2",
        "bundlewatch": "^0.4.1",
        "chromatic": "^11.5.6",
        "cross-env": "^7.0.3",
        "d3-scale-chromatic": "^3.1.0",
        "d3-time": "^3.1.0",
        "d3-time-format": "^4.1.0",
        "diff": "^8.0.2",
        "eslint": "^9.35.0",
        "eslint-config-airbnb-extended": "^2.2.0",
        "eslint-config-prettier": "^10.1.8",
        "eslint-import-resolver-typescript": "^4.4.4",
        "eslint-plugin-import": "^2.32.0",
        "eslint-plugin-jsdoc": "^61.5.0",
        "eslint-plugin-jsx-a11y": "^6.10.2",
        "eslint-plugin-prettier": "^5.5.4",
        "eslint-plugin-react": "^7.37.5",
        "eslint-plugin-react-hooks": "^5.2.0",
        "eslint-plugin-react-perf": "^3.3.3",
        "eslint-plugin-storybook": "^9.1.5",
        "glob": "^11.0.0",
        "globals": "^16.3.0",
        "husky": "^9.1.1",
        "jsdom": "^24.1.1",
        "lint-staged": "^15.2.7",
        "marked": "^17.0.1",
        "playwright": "1.58.2",
        "prettier": "^3.6.2",
        "react": "^18.3.1",
        "react-dom": "^18.3.1",
        "react-is": "^18.3.1",
        "react-redux": "^8.1.3",
        "rimraf": "^6.0.1",
        "rollup": "^4.40.1",
        "rollup-plugin-esbuild": "^6.2.1",
        "storybook": "^9.0.17",
        "terser": "^5.46.0",
        "terser-webpack-plugin": "^5.3.10",
        "ts-loader": "^9.5.1",
        "ts-morph": "^27.0.2",
        "typescript": "^5.7.2",
        "typescript-eslint": "^8.42.0",
        "update-browserslist-db": "^1.1.0",
        "vitest": "^3.2.3",
        "vitest-axe": "^0.1.0",
        "webpack": "^5.93.0",
        "webpack-bundle-analyzer": "^4.10.2",
        "webpack-cli": "^5.1.4"
      },
      "engines": {
        "node": ">=18"
      },
      "peerDependencies": {
        "react": "^16.8.0 || ^17.0.0 || ^18.0.0 || ^19.0.0",
        "react-dom": "^16.0.0 || ^17.0.0 || ^18.0.0 || ^19.0.0",
        "react-is": "^16.8.0 || ^17.0.0 || ^18.0.0 || ^19.0.0"
      }
    },
    "../../../../sites/montclair-barbershop-studio/node_modules/.pnpm/shadcn@4.18.0_supports-color@10.2.2_typescript@5.9.3/node_modules/shadcn": {
      "version": "4.18.0",
      "extraneous": true,
      "license": "MIT",
      "dependencies": {
        "@babel/core": "^7.28.0",
        "@babel/parser": "^7.28.0",
        "@babel/plugin-transform-typescript": "^7.28.0",
        "@babel/preset-typescript": "^7.27.1",
        "@dotenvx/dotenvx": "^1.48.4",
        "@modelcontextprotocol/sdk": "^1.26.0",
        "@types/validate-npm-package-name": "^4.0.2",
        "browserslist": "^4.26.2",
        "commander": "^14.0.0",
        "cosmiconfig": "^9.0.0",
        "dedent": "^1.6.0",
        "deepmerge": "^4.3.1",
        "diff": "^8.0.2",
        "execa": "^9.6.0",
        "fast-glob": "^3.3.3",
        "fs-extra": "^11.3.1",
        "fuzzysort": "^3.1.0",
        "kleur": "^4.1.5",
        "open": "^11.0.0",
        "ora": "^8.2.0",
        "postcss": "^8.5.6",
        "postcss-selector-parser": "^7.1.0",
        "prompts": "^2.4.2",
        "recast": "^0.23.11",
        "socks": "^2.8.8",
        "stringify-object": "^5.0.0",
        "tailwind-merge": "^3.0.1",
        "ts-morph": "^26.0.0",
        "tsconfig-paths": "^4.2.0",
        "undici": "^7.27.2",
        "validate-npm-package-name": "^7.0.1",
        "zod": "^3.24.1",
        "zod-to-json-schema": "^3.24.6"
      },
      "bin": {
        "shadcn": "dist/index.js"
      },
      "devDependencies": {
        "@antfu/ni": "^25.0.0",
        "@types/babel__core": "^7.20.5",
        "@types/fs-extra": "^11.0.4",
        "@types/prompts": "^2.4.9",
        "@types/stringify-object": "^4.0.5",
        "msw": "^2.10.4",
        "rimraf": "^6.0.1",
        "tsup": "^8.5.0",
        "type-fest": "^4.41.0",
        "typescript": "^5.9.2"
      },
      "engines": {
        "node": ">=20.18.1"
      }
    },
    "../../../../sites/montclair-barbershop-studio/node_modules/.pnpm/tailwind-merge@3.6.0/node_modules/tailwind-merge": {
      "version": "3.6.0",
      "extraneous": true,
      "license": "MIT",
      "devDependencies": {
        "@babel/core": "^7.29.0",
        "@babel/preset-env": "^7.29.3",
        "@codspeed/vitest-plugin": "^5.4.0",
        "@rollup/plugin-babel": "^7.0.0",
        "@rollup/plugin-node-resolve": "^16.0.3",
        "@rollup/plugin-typescript": "^12.3.0",
        "@types/node": "^24.12.2",
        "@vitest/coverage-v8": "^4.1.5",
        "@vitest/eslint-plugin": "^1.6.16",
        "babel-plugin-annotate-pure-calls": "^0.5.0",
        "babel-plugin-polyfill-regenerator": "^0.6.8",
        "eslint": "^9.39.4",
        "eslint-plugin-import": "^2.32.0",
        "globby": "^16.2.0",
        "prettier": "^3.8.3",
        "rollup": "^4.60.2",
        "rollup-plugin-delete": "^3.0.2",
        "rollup-plugin-dts": "^6.4.1",
        "tslib": "^2.8.1",
        "typescript": "^5.9.3",
        "typescript-eslint": "^8.59.1",
        "vitest": "^4.1.5",
        "zx": "^8.8.5"
      },
      "funding": {
        "type": "github",
        "url": "https://github.com/sponsors/dcastil"
      }
    },
    "../../../../sites/montclair-barbershop-studio/node_modules/.pnpm/tailwindcss@4.2.1/node_modules/tailwindcss": {
      "version": "4.2.1",
      "extraneous": true,
      "license": "MIT",
      "devDependencies": {
        "@jridgewell/remapping": "^2.3.5",
        "@tailwindcss/oxide": "^4.2.1",
        "@types/node": "^20.19.0",
        "dedent": "1.7.1",
        "lightningcss": "1.31.1",
        "magic-string": "^0.30.21",
        "source-map-js": "^1.2.1"
      }
    },
    "../../../../sites/montclair-barbershop-studio/node_modules/.pnpm/tw-animate-css@1.4.0/node_modules/tw-animate-css": {
      "version": "1.4.0",
      "extraneous": true,
      "license": "MIT",
      "devDependencies": {
        "@commitlint/cli": "^19.8.1",
        "@commitlint/config-conventional": "^19.8.1",
        "@types/node": "^24.5.2",
        "lint-staged": "^16.2.0",
        "prettier": "^3.6.2",
        "simple-git-hooks": "^2.13.1",
        "sort-package-json": "^3.4.0"
      },
      "funding": {
        "url": "https://github.com/sponsors/Wombosvideo"
      }
    },
    "../../../../sites/montclair-barbershop-studio/node_modules/.pnpm/typescript@5.9.3/node_modules/typescript": {
      "version": "5.9.3",
      "extraneous": true,
      "license": "Apache-2.0",
      "bin": {
        "tsc": "bin/tsc",
        "tsserver": "bin/tsserver"
      },
      "devDependencies": {
        "@dprint/formatter": "^0.4.1",
        "@dprint/typescript": "0.93.4",
        "@esfx/canceltoken": "^1.0.0",
        "@eslint/js": "^9.20.0",
        "@octokit/rest": "^21.1.1",
        "@types/chai": "^4.3.20",
        "@types/diff": "^7.0.1",
        "@types/minimist": "^1.2.5",
        "@types/mocha": "^10.0.10",
        "@types/ms": "^0.7.34",
        "@types/node": "latest",
        "@types/source-map-support": "^0.5.10",
        "@types/which": "^3.0.4",
        "@typescript-eslint/rule-tester": "^8.24.1",
        "@typescript-eslint/type-utils": "^8.24.1",
        "@typescript-eslint/utils": "^8.24.1",
        "azure-devops-node-api": "^14.1.0",
        "c8": "^10.1.3",
        "chai": "^4.5.0",
        "chokidar": "^4.0.3",
        "diff": "^7.0.0",
        "dprint": "^0.49.0",
        "esbuild": "^0.25.0",
        "eslint": "^9.20.1",
        "eslint-formatter-autolinkable-stylish": "^1.4.0",
        "eslint-plugin-regexp": "^2.7.0",
        "fast-xml-parser": "^4.5.2",
        "glob": "^10.4.5",
        "globals": "^15.15.0",
        "hereby": "^1.10.0",
        "jsonc-parser": "^3.3.1",
        "knip": "^5.44.4",
        "minimist": "^1.2.8",
        "mocha": "^10.8.2",
        "mocha-fivemat-progress-reporter": "^0.1.0",
        "monocart-coverage-reports": "^2.12.1",
        "ms": "^2.1.3",
        "picocolors": "^1.1.1",
        "playwright": "^1.50.1",
        "source-map-support": "^0.5.21",
        "tslib": "^2.8.1",
        "typescript": "^5.7.3",
        "typescript-eslint": "^8.24.1",
        "which": "^3.0.1"
      },
      "engines": {
        "node": ">=14.17"
      }
    },
    "../../../../sites/montclair-barbershop-studio/node_modules/.pnpm/vinext@1.0.0-beta.5_@vitejs+plugin-react@6.0.2_vite@8.0.13_@types+node@22.19.19_esbuild_b79f96eac0df69dff29a3f5c3c8024f5/node_modules/vinext": {
      "version": "1.0.0-beta.5",
      "extraneous": true,
      "license": "MIT",
      "dependencies": {
        "@unpic/react": "^1.0.2",
        "@vercel/og": "^0.8.6",
        "@vinext/types": "^1.0.0-beta.2",
        "image-size": "2.0.2",
        "ipaddr.js": "^2.1.0",
        "magic-string": "^0.30.21",
        "vite-plugin-commonjs": "^0.10.4",
        "web-vitals": "^4.2.4"
      },
      "bin": {
        "vinext": "dist/cli.js"
      },
      "devDependencies": {
        "@types/node": "^25.9.2",
        "@types/react": "^19.2.16",
        "@types/react-dom": "^19.2.3",
        "@vitejs/plugin-react": "^6.0.1",
        "@vitejs/plugin-rsc": "^0.5.27",
        "am-i-vibing": "^0.5.0",
        "pathslash": "^0.1.0",
        "react-server-dom-webpack": "^19.2.7",
        "vite": "npm:@voidzero-dev/vite-plus-core@0.2.6",
        "vite-plus": "0.2.6"
      },
      "engines": {
        "node": ">=22"
      },
      "peerDependencies": {
        "@mdx-js/rollup": "^3.0.0",
        "@vitejs/plugin-react": "^5.1.4 || ^6.0.0",
        "@vitejs/plugin-rsc": "^0.5.26",
        "react": "^19.2.6",
        "react-dom": "^19.2.6",
        "react-server-dom-webpack": "^19.2.6",
        "vite": "^8.0.0"
      },
      "peerDependenciesMeta": {
        "@mdx-js/rollup": {
          "optional": true
        },
        "@vitejs/plugin-rsc": {
          "optional": true
        },
        "react-server-dom-webpack": {
          "optional": true
        }
      }
    },
    "../../../../sites/montclair-barbershop-studio/node_modules/.pnpm/vite@8.0.13_@types+node@22.19.19_esbuild@0.27.3_jiti@2.7.0_terser@5.51.2/node_modules/vite": {
      "version": "8.0.13",
      "dev": true,
      "license": "MIT",
      "dependencies": {
        "lightningcss": "^1.32.0",
        "picomatch": "^4.0.4",
        "postcss": "^8.5.14",
        "rolldown": "1.0.1",
        "tinyglobby": "^0.2.16"
      },
      "bin": {
        "vite": "bin/vite.js"
      },
      "devDependencies": {
        "@babel/parser": "^7.29.3",
        "@jridgewell/remapping": "^2.3.5",
        "@jridgewell/trace-mapping": "^0.3.31",
        "@polka/compression": "^1.0.0-next.25",
        "@rollup/plugin-alias": "^6.0.0",
        "@rollup/plugin-dynamic-import-vars": "2.1.4",
        "@rollup/pluginutils": "^5.3.0",
        "@types/escape-html": "^1.0.4",
        "@types/pnpapi": "^0.0.5",
        "@vercel/detect-agent": "^1.2.3",
        "@vitejs/devtools": "^0.1.21",
        "@vitest/utils": "4.1.5",
        "artichokie": "^0.4.3",
        "baseline-browser-mapping": "^2.10.29",
        "cac": "^7.0.0",
        "chokidar": "^3.6.0",
        "connect": "^3.7.0",
        "convert-source-map": "^2.0.0",
        "cors": "^2.8.6",
        "cross-spawn": "^7.0.6",
        "dotenv-expand": "^13.0.0",
        "es-module-lexer": "^1.7.0",
        "esbuild": "^0.28.0",
        "escape-html": "^1.0.3",
        "estree-walker": "^3.0.3",
        "etag": "^1.8.1",
        "host-validation-middleware": "^0.1.4",
        "http-proxy-3": "^1.23.2",
        "launch-editor-middleware": "^2.13.2",
        "magic-string": "^0.30.21",
        "mlly": "^1.8.2",
        "mrmime": "^2.0.1",
        "nanoid": "^5.1.11",
        "obug": "^1.0.2",
        "open": "^10.2.0",
        "parse5": "^8.0.1",
        "pathe": "^2.0.3",
        "periscopic": "^4.0.3",
        "picocolors": "^1.1.1",
        "postcss-import": "^16.1.1",
        "postcss-load-config": "^6.0.1",
        "postcss-modules": "^6.0.1",
        "premove": "^4.0.0",
        "resolve.exports": "^2.0.3",
        "rolldown-plugin-dts": "^0.25.0",
        "rollup": "^4.59.0",
        "rollup-plugin-license": "^3.7.1",
        "sass": "^1.99.0",
        "sass-embedded": "^1.99.0",
        "sirv": "^3.0.2",
        "strip-literal": "^3.1.0",
        "terser": "^5.47.1",
        "ufo": "^1.6.4",
        "ws": "^8.20.0"
      },
      "engines": {
        "node": "^20.19.0 || >=22.12.0"
      },
      "funding": {
        "url": "https://github.com/vitejs/vite?sponsor=1"
      },
      "optionalDependencies": {
        "fsevents": "~2.3.3"
      },
      "peerDependencies": {
        "@types/node": "^20.19.0 || >=22.12.0",
        "@vitejs/devtools": "^0.1.18",
        "esbuild": "^0.27.0 || ^0.28.0",
        "jiti": ">=1.21.0",
        "less": "^4.0.0",
        "sass": "^1.70.0",
        "sass-embedded": "^1.70.0",
        "stylus": ">=0.54.8",
        "sugarss": "^5.0.0",
        "terser": "^5.16.0",
        "tsx": "^4.8.1",
        "yaml": "^2.4.2"
      },
      "peerDependenciesMeta": {
        "@types/node": {
          "optional": true
        },
        "@vitejs/devtools": {
          "optional": true
        },
        "esbuild": {
          "optional": true
        },
        "jiti": {
          "optional": true
        },
        "less": {
          "optional": true
        },
        "sass": {
          "optional": true
        },
        "sass-embedded": {
          "optional": true
        },
        "stylus": {
          "optional": true
        },
        "sugarss": {
          "optional": true
        },
        "terser": {
          "optional": true
        },
        "tsx": {
          "optional": true
        },
        "yaml": {
          "optional": true
        }
      }
    },
    "../../../../sites/montclair-barbershop-studio/node_modules/.pnpm/wrangler@4.92.0_@cloudflare+workers-types@4.20260515.1/node_modules/wrangler": {
      "version": "4.92.0",
      "extraneous": true,
      "license": "MIT OR Apache-2.0",
      "dependencies": {
        "@cloudflare/kv-asset-handler": "0.5.0",
        "@cloudflare/unenv-preset": "2.16.1",
        "blake3-wasm": "2.1.5",
        "esbuild": "0.27.3",
        "miniflare": "4.20260515.0",
        "path-to-regexp": "6.3.0",
        "unenv": "2.0.0-rc.24",
        "workerd": "1.20260515.1"
      },
      "bin": {
        "wrangler": "bin/wrangler.js",
        "wrangler2": "bin/wrangler.js"
      },
      "devDependencies": {
        "@aws-sdk/client-s3": "^3.721.0",
        "@bomb.sh/tab": "^0.0.12",
        "@cloudflare/cli-shared-helpers": "0.1.3",
        "@cloudflare/codemod": "1.1.0",
        "@cloudflare/containers-shared": "0.14.1",
        "@cloudflare/pages-shared": "^0.13.136",
        "@cloudflare/types": "6.18.4",
        "@cloudflare/workers-shared": "0.19.6",
        "@cloudflare/workers-tsconfig": "0.0.0",
        "@cloudflare/workers-types": "^4.20260515.1",
        "@cloudflare/workers-utils": "0.21.0",
        "@cloudflare/workflows-shared": "0.10.0",
        "@cspotcode/source-map-support": "0.8.1",
        "@netlify/build-info": "^10.5.1",
        "@sentry/node": "^7.86.0",
        "@sentry/types": "^7.86.0",
        "@sentry/utils": "^7.86.0",
        "@types/command-exists": "^1.2.0",
        "@types/esprima": "^4.0.3",
        "@types/glob-to-regexp": "^0.4.1",
        "@types/javascript-time-ago": "^2.0.3",
        "@types/json-diff": "^1.0.3",
        "@types/mime": "^3.0.4",
        "@types/minimatch": "^5.1.2",
        "@types/node": "^22.10.1",
        "@types/node-forge": "^1.3.11",
        "@types/prompts": "^2.0.14",
        "@types/resolve": "^1.20.6",
        "@types/shell-quote": "^1.7.2",
        "@types/signal-exit": "^3.0.1",
        "@types/supports-color": "^8.1.1",
        "@types/ws": "^8.5.7",
        "@types/yargs": "^17.0.22",
        "@vitest/ui": "4.1.0",
        "@webcontainer/env": "^1.1.0",
        "am-i-vibing": "^0.1.1",
        "capnweb": "^0.5.0",
        "chalk": "^5.2.0",
        "chokidar": "^4.0.1",
        "ci-info": "^4.4.0",
        "cli-table3": "^0.6.3",
        "cloudflare": "^5.2.0",
        "cmd-shim": "^4.1.0",
        "command-exists": "^1.2.9",
        "concurrently": "^8.2.2",
        "date-fns": "^4.1.0",
        "devtools-protocol": "^0.0.1182435",
        "dotenv": "^16.3.1",
        "dotenv-expand": "^12.0.2",
        "empathic": "^2.0.0",
        "esprima": "4.0.1",
        "execa": "^6.1.0",
        "get-port": "^7.0.0",
        "glob-to-regexp": "^0.4.1",
        "https-proxy-agent": "7.0.2",
        "itty-time": "^1.0.6",
        "javascript-time-ago": "^2.5.4",
        "json-diff": "^1.0.6",
        "jsonc-parser": "^3.2.0",
        "md5-file": "5.0.0",
        "mime": "^3.0.0",
        "minimatch": "^5.1.0",
        "mock-socket": "^9.3.1",
        "msw": "2.12.4",
        "node-forge": "^1.3.2",
        "open": "^11.0.0",
        "p-queue": "^9.0.0",
        "patch-console": "^1.0.0",
        "pretty-bytes": "^6.0.0",
        "prompts": "^2.4.2",
        "recast": "0.23.11",
        "resolve": "^1.22.8",
        "semiver": "^1.1.0",
        "shell-quote": "^1.8.1",
        "signal-exit": "^3.0.7",
        "smol-toml": "^1.5.2",
        "source-map": "^0.6.1",
        "supports-color": "^9.2.2",
        "timeago.js": "^4.0.2",
        "tree-kill": "^1.2.2",
        "ts-dedent": "^2.2.0",
        "ts-json-schema-generator": "^1.5.0",
        "tsup": "8.3.0",
        "typescript": "~5.8.3",
        "undici": "7.24.8",
        "update-check": "^1.5.4",
        "vitest": "4.1.0",
        "vitest-websocket-mock": "^0.4.0",
        "ws": "8.18.0",
        "xxhash-wasm": "^1.0.1",
        "yaml": "^2.8.1",
        "yargs": "^17.7.2"
      },
      "engines": {
        "node": ">=22.0.0"
      },
      "optionalDependencies": {
        "fsevents": "~2.3.2"
      },
      "peerDependencies": {
        "@cloudflare/workers-types": "^4.20260515.1"
      },
      "peerDependenciesMeta": {
        "@cloudflare/workers-types": {
          "optional": true
        }
      }
    },
    "node_modules/react": {
      "resolved": "../../../../sites/montclair-barbershop-studio/node_modules/.pnpm/react@19.2.6/node_modules/react",
      "link": true
    },
    "node_modules/react-dom": {
      "resolved": "../../../../sites/montclair-barbershop-studio/node_modules/.pnpm/react-dom@19.2.6_react@19.2.6/node_modules/react-dom",
      "link": true
    },
    "node_modules/vite": {
      "resolved": "../../../../sites/montclair-barbershop-studio/node_modules/.pnpm/vite@8.0.13_@types+node@22.19.19_esbuild@0.27.3_jiti@2.7.0_terser@5.51.2/node_modules/vite",
      "link": true
    }
  }
}
